
Microsoft Visual Studio Solution File, Format Version 12.00
# Visual Studio Version 17
VisualStudioVersion = 17.2.32526.322
MinimumVisualStudioVersion = 10.0.40219.1
Project("{FAE04EC0-301F-11D3-BF4B-00C04F79EFBC}") = "Common", "Common\Common.csproj", "{6CA4C7D9-B141-4425-BDE8-3DEF6E5C1803}"
EndProject
Project("{FAE04EC0-301F-11D3-BF4B-00C04F79EFBC}") = "ChatRoom", "ChatRoom\ChatRoom.csproj", "{2AF28E21-9B5C-43CF-AD9F-3D47F4317D63}"
EndProject
Project("{FAE04EC0-301F-11D3-BF4B-00C04F79EFBC}") = "ChatClient", "ChatClient\ChatClient.csproj", "{84966A1A-0ADF-4E01-ACCD-3810E1786553}"
EndProject
Global
	GlobalSection(SolutionConfigurationPlatforms) = preSolution
		Debug|Any CPU = Debug|Any CPU
		Release|Any CPU = Release|Any CPU
	EndGlobalSection
	GlobalSection(ProjectConfigurationPlatforms) = postSolution
		{6CA4C7D9-B141-4425-BDE8-3DEF6E5C1803}.Debug|Any CPU.ActiveCfg = Debug|Any CPU
		{6CA4C7D9-B141-4425-BDE8-3DEF6E5C1803}.Debug|Any CPU.Build.0 = Debug|Any CPU
		{6CA4C7D9-B141-4425-BDE8-3DEF6E5C1803}.Release|Any CPU.ActiveCfg = Release|Any CPU
		{6CA4C7D9-B141-4425-BDE8-3DEF6E5C1803}.Release|Any CPU.Build.0 = Release|Any CPU
		{2AF28E21-9B5C-43CF-AD9F-3D47F4317D63}.Debug|Any CPU.ActiveCfg = Debug|Any CPU
		{2AF28E21-9B5C-43CF-AD9F-3D47F4317D63}.Debug|Any CPU.Build.0 = Debug|Any CPU
		{2AF28E21-9B5C-43CF-AD9F-3D47F4317D63}.Release|Any CPU.ActiveCfg = Release|Any CPU
		{2AF28E21-9B5C-43CF-AD9F-3D47F4317D63}.Release|Any CPU.Build.0 = Release|Any CPU
		{84966A1A-0ADF-4E01-ACCD-3810E1786553}.Debug|Any CPU.ActiveCfg = Debug|Any CPU
		{84966A1A-0ADF-4E01-ACCD-3810E1786553}.Debug|Any CPU.Build.0 = Debug|Any CPU
		{84966A1A-0ADF-4E01-ACCD-3810E1786553}.Release|Any CPU.ActiveCfg = Release|Any CPU
		{84966A1A-0ADF-4E01-ACCD-3810E1786553}.Release|Any CPU.Build.0 = Release|Any CPU
	EndGlobalSection
	GlobalSection(SolutionProperties) = preSolution
		HideSolutionNode = FALSE
	EndGlobalSection
	GlobalSection(ExtensibilityGlobals) = postSolution
		SolutionGuid = {F638BAEE-3AD8-40EB-8383-F13EC4C03C51}
	EndGlobalSection
EndGlobal
