
Microsoft Visual Studio Solution File, Format Version 12.00
# Visual Studio Version 17
VisualStudioVersion = 17.2.32526.322
MinimumVisualStudioVersion = 10.0.40219.1
Project("{9A19103F-16F7-4668-BE54-9A1E7A4F7556}") = "Common", "Common\Common.csproj", "{0BA21206-DB3C-406A-A1BD-D011AB98EDE0}"
EndProject
Project("{9A19103F-16F7-4668-BE54-9A1E7A4F7556}") = "ChatClient", "ChatClient\ChatClient.csproj", "{413B6B67-9C76-4F8E-B6DE-F3EA7FC2EFD0}"
EndProject
Project("{9A19103F-16F7-4668-BE54-9A1E7A4F7556}") = "ChatRoom", "ChatRoom\ChatRoom.csproj", "{36777B1F-332E-4DE6-9104-3317439DA455}"
EndProject
Project("{9A19103F-16F7-4668-BE54-9A1E7A4F7556}") = "Tests", "Tests\Tests.csproj", "{0EA3DA3C-C0DB-4790-BCAB-76A4368ADB7F}"
EndProject
Project("{FAE04EC0-301F-11D3-BF4B-00C04F79EFBC}") = "Benchmarks", "Benchmarks\Benchmarks.csproj", "{6D7D0481-E27B-4A67-8BA3-40F6425961F6}"
EndProject
Global
	GlobalSection(SolutionConfigurationPlatforms) = preSolution
		Debug|Any CPU = Debug|Any CPU
		Release|Any CPU = Release|Any CPU
	EndGlobalSection
	GlobalSection(ProjectConfigurationPlatforms) = postSolution
		{0BA21206-DB3C-406A-A1BD-D011AB98EDE0}.Debug|Any CPU.ActiveCfg = Debug|Any CPU
		{0BA21206-DB3C-406A-A1BD-D011AB98EDE0}.Debug|Any CPU.Build.0 = Debug|Any CPU
		{0BA21206-DB3C-406A-A1BD-D011AB98EDE0}.Release|Any CPU.ActiveCfg = Release|Any CPU
		{0BA21206-DB3C-406A-A1BD-D011AB98EDE0}.Release|Any CPU.Build.0 = Release|Any CPU
		{413B6B67-9C76-4F8E-B6DE-F3EA7FC2EFD0}.Debug|Any CPU.ActiveCfg = Debug|Any CPU
		{413B6B67-9C76-4F8E-B6DE-F3EA7FC2EFD0}.Debug|Any CPU.Build.0 = Debug|Any CPU
		{413B6B67-9C76-4F8E-B6DE-F3EA7FC2EFD0}.Release|Any CPU.ActiveCfg = Release|Any CPU
		{413B6B67-9C76-4F8E-B6DE-F3EA7FC2EFD0}.Release|Any CPU.Build.0 = Release|Any CPU
		{36777B1F-332E-4DE6-9104-3317439DA455}.Debug|Any CPU.ActiveCfg = Debug|Any CPU
		{36777B1F-332E-4DE6-9104-3317439DA455}.Debug|Any CPU.Build.0 = Debug|Any CPU
		{36777B1F-332E-4DE6-9104-3317439DA455}.Release|Any CPU.ActiveCfg = Release|Any CPU
		{36777B1F-332E-4DE6-9104-3317439DA455}.Release|Any CPU.Build.0 = Release|Any CPU
		{0EA3DA3C-C0DB-4790-BCAB-76A4368ADB7F}.Debug|Any CPU.ActiveCfg = Debug|Any CPU
		{0EA3DA3C-C0DB-4790-BCAB-76A4368ADB7F}.Debug|Any CPU.Build.0 = Debug|Any CPU
		{0EA3DA3C-C0DB-4790-BCAB-76A4368ADB7F}.Release|Any CPU.ActiveCfg = Release|Any CPU
		{0EA3DA3C-C0DB-4790-BCAB-76A4368ADB7F}.Release|Any CPU.Build.0 = Release|Any CPU
		{6D7D0481-E27B-4A67-8BA3-40F6425961F6}.Debug|Any CPU.ActiveCfg = Debug|Any CPU
		{6D7D0481-E27B-4A67-8BA3-40F6425961F6}.Debug|Any CPU.Build.0 = Debug|Any CPU
		{6D7D0481-E27B-4A67-8BA3-40F6425961F6}.Release|Any CPU.ActiveCfg = Release|Any CPU
		{6D7D0481-E27B-4A67-8BA3-40F6425961F6}.Release|Any CPU.Build.0 = Release|Any CPU
	EndGlobalSection
	GlobalSection(SolutionProperties) = preSolution
		HideSolutionNode = FALSE
	EndGlobalSection
	GlobalSection(ExtensibilityGlobals) = postSolution
		SolutionGuid = {69C8965C-0B8F-4FCB-B61B-F56B5D0B7883}
	EndGlobalSection
EndGlobal
